
Microsoft Visual Studio Solution File, Format Version 12.00
# Visual Studio Version 17
VisualStudioVersion = 17.3.32922.545
MinimumVisualStudioVersion = 10.0.40219.1
Project("{FAE04EC0-301F-11D3-BF4B-00C04F79EFBC}") = "Лабораторна робота №8", "Лабораторна робота №8\Лабораторна робота №8.csproj", "{BC2B380A-75F6-410A-8738-9E148EA2B81D}"
EndProject
Global
	GlobalSection(SolutionConfigurationPlatforms) = preSolution
		Debug|Any CPU = Debug|Any CPU
		Release|Any CPU = Release|Any CPU
	EndGlobalSection
	GlobalSection(ProjectConfigurationPlatforms) = postSolution
		{BC2B380A-75F6-410A-8738-9E148EA2B81D}.Debug|Any CPU.ActiveCfg = Debug|Any CPU
		{BC2B380A-75F6-410A-8738-9E148EA2B81D}.Debug|Any CPU.Build.0 = Debug|Any CPU
		{BC2B380A-75F6-410A-8738-9E148EA2B81D}.Release|Any CPU.ActiveCfg = Release|Any CPU
		{BC2B380A-75F6-410A-8738-9E148EA2B81D}.Release|Any CPU.Build.0 = Release|Any CPU
	EndGlobalSection
	GlobalSection(SolutionProperties) = preSolution
		HideSolutionNode = FALSE
	EndGlobalSection
	GlobalSection(ExtensibilityGlobals) = postSolution
		SolutionGuid = {4998DF83-2D1D-43A5-AD48-B3DFFB4DE8F6}
	EndGlobalSection
EndGlobal
